// !$*UTF8*$!
{
	archiveVersion = 1;
	classes = {
	};
	objectVersion = 46;
	objects = {

/* Begin PBXBuildFile section */
		920E5BDF1A25DDC400117929 /* CXKeychainHelper.h in Headers */ = {isa = PBXBuildFile; fileRef = 920E5BDD1A25DDC400117929 /* CXKeychainHelper.h */; settings = {ATTRIBUTES = (Public, ); }; };
		920E5BE01A25DDC400117929 /* CXKeychainHelper.m in Sources */ = {isa = PBXBuildFile; fileRef = 920E5BDE1A25DDC400117929 /* CXKeychainHelper.m */; };
		920E5BE21A25DF0200117929 /* KeychainSwiftAPI.h in Headers */ = {isa = PBXBuildFile; fileRef = 920E5BE11A25DF0200117929 /* KeychainSwiftAPI.h */; settings = {ATTRIBUTES = (Public, ); }; };
		921AA8C41986401300A2C240 /* KeychainSwiftAPI.swift in Sources */ = {isa = PBXBuildFile; fileRef = 929005EC197EA43500D49D3D /* KeychainSwiftAPI.swift */; };
		925D6F341A2CA9F2009DF263 /* README.md in Resources */ = {isa = PBXBuildFile; fileRef = 92C7150319810454006D29AD /* README.md */; };
		929005DA197EA27800D49D3D /* KeychainSwiftAPI.framework in Frameworks */ = {isa = PBXBuildFile; fileRef = 929005CE197EA27800D49D3D /* KeychainSwiftAPI.framework */; };
		929005E1197EA27800D49D3D /* KeychainSwiftAPITests.swift in Sources */ = {isa = PBXBuildFile; fileRef = 929005E0197EA27800D49D3D /* KeychainSwiftAPITests.swift */; };
		929005EB197EA32300D49D3D /* Security.framework in Frameworks */ = {isa = PBXBuildFile; fileRef = 929005EA197EA32300D49D3D /* Security.framework */; settings = {ATTRIBUTES = (Required, ); }; };
		929005ED197EA43500D49D3D /* KeychainSwiftAPI.swift in Sources */ = {isa = PBXBuildFile; fileRef = 929005EC197EA43500D49D3D /* KeychainSwiftAPI.swift */; };
		92C714FC1980FBBA006D29AD /* KeychainSwiftAPI.podspec in Resources */ = {isa = PBXBuildFile; fileRef = 92C714FB1980FBBA006D29AD /* KeychainSwiftAPI.podspec */; };
		92C715061981064F006D29AD /* LICENSE in Resources */ = {isa = PBXBuildFile; fileRef = 92C715051981064F006D29AD /* LICENSE */; };
/* End PBXBuildFile section */

/* Begin PBXContainerItemProxy section */
		929005DB197EA27800D49D3D /* PBXContainerItemProxy */ = {
			isa = PBXContainerItemProxy;
			containerPortal = 929005C5197EA27800D49D3D /* Project object */;
			proxyType = 1;
			remoteGlobalIDString = 929005CD197EA27800D49D3D;
			remoteInfo = KeychainSwiftAPI;
		};
/* End PBXContainerItemProxy section */

/* Begin PBXFileReference section */
		920E5BDD1A25DDC400117929 /* CXKeychainHelper.h */ = {isa = PBXFileReference; fileEncoding = 4; lastKnownFileType = sourcecode.c.h; path = CXKeychainHelper.h; sourceTree = "<group>"; };
		920E5BDE1A25DDC400117929 /* CXKeychainHelper.m */ = {isa = PBXFileReference; fileEncoding = 4; lastKnownFileType = sourcecode.c.objc; path = CXKeychainHelper.m; sourceTree = "<group>"; };
		920E5BE11A25DF0200117929 /* KeychainSwiftAPI.h */ = {isa = PBXFileReference; fileEncoding = 4; lastKnownFileType = sourcecode.c.h; path = KeychainSwiftAPI.h; sourceTree = "<group>"; };
		9228C7991A25D158007CD465 /* Test.playground */ = {isa = PBXFileReference; lastKnownFileType = file.playground; path = Test.playground; sourceTree = "<group>"; };
		929005CE197EA27800D49D3D /* KeychainSwiftAPI.framework */ = {isa = PBXFileReference; explicitFileType = wrapper.framework; includeInIndex = 0; path = KeychainSwiftAPI.framework; sourceTree = BUILT_PRODUCTS_DIR; };
		929005D2197EA27800D49D3D /* Info.plist */ = {isa = PBXFileReference; lastKnownFileType = text.plist.xml; path = Info.plist; sourceTree = "<group>"; };
		929005D9197EA27800D49D3D /* KeychainSwiftAPITests.xctest */ = {isa = PBXFileReference; explicitFileType = wrapper.cfbundle; includeInIndex = 0; path = KeychainSwiftAPITests.xctest; sourceTree = BUILT_PRODUCTS_DIR; };
		929005DF197EA27800D49D3D /* Info.plist */ = {isa = PBXFileReference; lastKnownFileType = text.plist.xml; path = Info.plist; sourceTree = "<group>"; };
		929005E0197EA27800D49D3D /* KeychainSwiftAPITests.swift */ = {isa = PBXFileReference; lastKnownFileType = sourcecode.swift; path = KeychainSwiftAPITests.swift; sourceTree = "<group>"; };
		929005EA197EA32300D49D3D /* Security.framework */ = {isa = PBXFileReference; lastKnownFileType = wrapper.framework; name = Security.framework; path = System/Library/Frameworks/Security.framework; sourceTree = SDKROOT; };
		929005EC197EA43500D49D3D /* KeychainSwiftAPI.swift */ = {isa = PBXFileReference; fileEncoding = 4; lastKnownFileType = sourcecode.swift; path = KeychainSwiftAPI.swift; sourceTree = "<group>"; };
		92C714FB1980FBBA006D29AD /* KeychainSwiftAPI.podspec */ = {isa = PBXFileReference; fileEncoding = 4; lastKnownFileType = text; path = KeychainSwiftAPI.podspec; sourceTree = SOURCE_ROOT; };
		92C7150319810454006D29AD /* README.md */ = {isa = PBXFileReference; fileEncoding = 4; lastKnownFileType = net.daringfireball.markdown; path = README.md; sourceTree = SOURCE_ROOT; };
		92C715051981064F006D29AD /* LICENSE */ = {isa = PBXFileReference; fileEncoding = 4; lastKnownFileType = text; path = LICENSE; sourceTree = SOURCE_ROOT; };
/* End PBXFileReference section */

/* Begin PBXFrameworksBuildPhase section */
		929005CA197EA27800D49D3D /* Frameworks */ = {
			isa = PBXFrameworksBuildPhase;
			buildActionMask = 2147483647;
			files = (
				929005EB197EA32300D49D3D /* Security.framework in Frameworks */,
			);
			runOnlyForDeploymentPostprocessing = 0;
		};
		929005D6197EA27800D49D3D /* Frameworks */ = {
			isa = PBXFrameworksBuildPhase;
			buildActionMask = 2147483647;
			files = (
				929005DA197EA27800D49D3D /* KeychainSwiftAPI.framework in Frameworks */,
			);
			runOnlyForDeploymentPostprocessing = 0;
		};
/* End PBXFrameworksBuildPhase section */

/* Begin PBXGroup section */
		929005C4197EA27800D49D3D = {
			isa = PBXGroup;
			children = (
				9228C7991A25D158007CD465 /* Test.playground */,
				929005D0197EA27800D49D3D /* KeychainSwiftAPI */,
				929005DD197EA27800D49D3D /* KeychainSwiftAPITests */,
				929005CF197EA27800D49D3D /* Products */,
			);
			sourceTree = "<group>";
		};
		929005CF197EA27800D49D3D /* Products */ = {
			isa = PBXGroup;
			children = (
				929005CE197EA27800D49D3D /* KeychainSwiftAPI.framework */,
				929005D9197EA27800D49D3D /* KeychainSwiftAPITests.xctest */,
			);
			name = Products;
			sourceTree = "<group>";
		};
		929005D0197EA27800D49D3D /* KeychainSwiftAPI */ = {
			isa = PBXGroup;
			children = (
				920E5BE11A25DF0200117929 /* KeychainSwiftAPI.h */,
				929005EC197EA43500D49D3D /* KeychainSwiftAPI.swift */,
				920E5BDD1A25DDC400117929 /* CXKeychainHelper.h */,
				920E5BDE1A25DDC400117929 /* CXKeychainHelper.m */,
				929005D1197EA27800D49D3D /* Supporting Files */,
				92C714FE1980FBD0006D29AD /* Frameworks */,
				92C714FD1980FBC0006D29AD /* Pod */,
			);
			path = KeychainSwiftAPI;
			sourceTree = "<group>";
		};
		929005D1197EA27800D49D3D /* Supporting Files */ = {
			isa = PBXGroup;
			children = (
				929005D2197EA27800D49D3D /* Info.plist */,
			);
			name = "Supporting Files";
			sourceTree = "<group>";
		};
		929005DD197EA27800D49D3D /* KeychainSwiftAPITests */ = {
			isa = PBXGroup;
			children = (
				929005E0197EA27800D49D3D /* KeychainSwiftAPITests.swift */,
				929005DE197EA27800D49D3D /* Supporting Files */,
			);
			path = KeychainSwiftAPITests;
			sourceTree = "<group>";
		};
		929005DE197EA27800D49D3D /* Supporting Files */ = {
			isa = PBXGroup;
			children = (
				929005DF197EA27800D49D3D /* Info.plist */,
			);
			name = "Supporting Files";
			sourceTree = "<group>";
		};
		92C714FD1980FBC0006D29AD /* Pod */ = {
			isa = PBXGroup;
			children = (
				92C715051981064F006D29AD /* LICENSE */,
				92C7150319810454006D29AD /* README.md */,
				92C714FB1980FBBA006D29AD /* KeychainSwiftAPI.podspec */,
			);
			name = Pod;
			sourceTree = "<group>";
		};
		92C714FE1980FBD0006D29AD /* Frameworks */ = {
			isa = PBXGroup;
			children = (
				929005EA197EA32300D49D3D /* Security.framework */,
			);
			name = Frameworks;
			sourceTree = "<group>";
		};
/* End PBXGroup section */

/* Begin PBXHeadersBuildPhase section */
		929005CB197EA27800D49D3D /* Headers */ = {
			isa = PBXHeadersBuildPhase;
			buildActionMask = 2147483647;
			files = (
				920E5BDF1A25DDC400117929 /* CXKeychainHelper.h in Headers */,
				920E5BE21A25DF0200117929 /* KeychainSwiftAPI.h in Headers */,
			);
			runOnlyForDeploymentPostprocessing = 0;
		};
/* End PBXHeadersBuildPhase section */

/* Begin PBXNativeTarget section */
		929005CD197EA27800D49D3D /* KeychainSwiftAPI */ = {
			isa = PBXNativeTarget;
			buildConfigurationList = 929005E4197EA27800D49D3D /* Build configuration list for PBXNativeTarget "KeychainSwiftAPI" */;
			buildPhases = (
				929005C9197EA27800D49D3D /* Sources */,
				929005CA197EA27800D49D3D /* Frameworks */,
				929005CB197EA27800D49D3D /* Headers */,
				929005CC197EA27800D49D3D /* Resources */,
			);
			buildRules = (
			);
			dependencies = (
			);
			name = KeychainSwiftAPI;
			productName = KeychainSwiftAPI;
			productReference = 929005CE197EA27800D49D3D /* KeychainSwiftAPI.framework */;
			productType = "com.apple.product-type.framework";
		};
		929005D8197EA27800D49D3D /* KeychainSwiftAPITests */ = {
			isa = PBXNativeTarget;
			buildConfigurationList = 929005E7197EA27800D49D3D /* Build configuration list for PBXNativeTarget "KeychainSwiftAPITests" */;
			buildPhases = (
				929005D5197EA27800D49D3D /* Sources */,
				929005D6197EA27800D49D3D /* Frameworks */,
				929005D7197EA27800D49D3D /* Resources */,
			);
			buildRules = (
			);
			dependencies = (
				929005DC197EA27800D49D3D /* PBXTargetDependency */,
			);
			name = KeychainSwiftAPITests;
			productName = KeychainSwiftAPITests;
			productReference = 929005D9197EA27800D49D3D /* KeychainSwiftAPITests.xctest */;
			productType = "com.apple.product-type.bundle.unit-test";
		};
/* End PBXNativeTarget section */

/* Begin PBXProject section */
		929005C5197EA27800D49D3D /* Project object */ = {
			isa = PBXProject;
			attributes = {
				LastUpgradeCheck = 0600;
				ORGANIZATIONNAME = Checkmarx;
				TargetAttributes = {
					929005CD197EA27800D49D3D = {
						CreatedOnToolsVersion = 6.0;
						DevelopmentTeam = 6Y3PEVXWSC;
					};
					929005D8197EA27800D49D3D = {
						CreatedOnToolsVersion = 6.0;
						TestTargetID = 929005CD197EA27800D49D3D;
					};
				};
			};
			buildConfigurationList = 929005C8197EA27800D49D3D /* Build configuration list for PBXProject "KeychainSwiftAPI" */;
			compatibilityVersion = "Xcode 3.2";
			developmentRegion = English;
			hasScannedForEncodings = 0;
			knownRegions = (
				en,
			);
			mainGroup = 929005C4197EA27800D49D3D;
			productRefGroup = 929005CF197EA27800D49D3D /* Products */;
			projectDirPath = "";
			projectRoot = "";
			targets = (
				929005CD197EA27800D49D3D /* KeychainSwiftAPI */,
				929005D8197EA27800D49D3D /* KeychainSwiftAPITests */,
			);
		};
/* End PBXProject section */

/* Begin PBXResourcesBuildPhase section */
		929005CC197EA27800D49D3D /* Resources */ = {
			isa = PBXResourcesBuildPhase;
			buildActionMask = 2147483647;
			files = (
				925D6F341A2CA9F2009DF263 /* README.md in Resources */,
				92C715061981064F006D29AD /* LICENSE in Resources */,
				92C714FC1980FBBA006D29AD /* KeychainSwiftAPI.podspec in Resources */,
			);
			runOnlyForDeploymentPostprocessing = 0;
		};
		929005D7197EA27800D49D3D /* Resources */ = {
			isa = PBXResourcesBuildPhase;
			buildActionMask = 2147483647;
			files = (
			);
			runOnlyForDeploymentPostprocessing = 0;
		};
/* End PBXResourcesBuildPhase section */

/* Begin PBXSourcesBuildPhase section */
		929005C9197EA27800D49D3D /* Sources */ = {
			isa = PBXSourcesBuildPhase;
			buildActionMask = 2147483647;
			files = (
				929005ED197EA43500D49D3D /* KeychainSwiftAPI.swift in Sources */,
				920E5BE01A25DDC400117929 /* CXKeychainHelper.m in Sources */,
			);
			runOnlyForDeploymentPostprocessing = 0;
		};
		929005D5197EA27800D49D3D /* Sources */ = {
			isa = PBXSourcesBuildPhase;
			buildActionMask = 2147483647;
			files = (
				921AA8C41986401300A2C240 /* KeychainSwiftAPI.swift in Sources */,
				929005E1197EA27800D49D3D /* KeychainSwiftAPITests.swift in Sources */,
			);
			runOnlyForDeploymentPostprocessing = 0;
		};
/* End PBXSourcesBuildPhase section */

/* Begin PBXTargetDependency section */
		929005DC197EA27800D49D3D /* PBXTargetDependency */ = {
			isa = PBXTargetDependency;
			target = 929005CD197EA27800D49D3D /* KeychainSwiftAPI */;
			targetProxy = 929005DB197EA27800D49D3D /* PBXContainerItemProxy */;
		};
/* End PBXTargetDependency section */

/* Begin XCBuildConfiguration section */
		929005E2197EA27800D49D3D /* Debug */ = {
			isa = XCBuildConfiguration;
			buildSettings = {
				ALWAYS_SEARCH_USER_PATHS = NO;
				CLANG_ALLOW_NON_MODULAR_INCLUDES_IN_FRAMEWORK_MODULES = YES;
				CLANG_CXX_LANGUAGE_STANDARD = "gnu++0x";
				CLANG_CXX_LIBRARY = "libc++";
				CLANG_ENABLE_MODULES = YES;
				CLANG_ENABLE_OBJC_ARC = YES;
				CLANG_WARN_BOOL_CONVERSION = YES;
				CLANG_WARN_CONSTANT_CONVERSION = YES;
				CLANG_WARN_DIRECT_OBJC_ISA_USAGE = YES_ERROR;
				CLANG_WARN_EMPTY_BODY = YES;
				CLANG_WARN_ENUM_CONVERSION = YES;
				CLANG_WARN_INT_CONVERSION = YES;
				CLANG_WARN_OBJC_ROOT_CLASS = YES_ERROR;
				CLANG_WARN_UNREACHABLE_CODE = YES;
				CLANG_WARN__DUPLICATE_METHOD_MATCH = YES;
				"CODE_SIGN_IDENTITY[sdk=iphoneos*]" = "iPhone Developer";
				COPY_PHASE_STRIP = NO;
				CURRENT_PROJECT_VERSION = 1;
				DEFINES_MODULE = YES;
				ENABLE_STRICT_OBJC_MSGSEND = YES;
				GCC_C_LANGUAGE_STANDARD = gnu99;
				GCC_DYNAMIC_NO_PIC = NO;
				GCC_OPTIMIZATION_LEVEL = 0;
				GCC_PREPROCESSOR_DEFINITIONS = (
					"DEBUG=1",
					"$(inherited)",
				);
				GCC_SYMBOLS_PRIVATE_EXTERN = NO;
				GCC_WARN_64_TO_32_BIT_CONVERSION = YES;
				GCC_WARN_ABOUT_RETURN_TYPE = YES_ERROR;
				GCC_WARN_UNDECLARED_SELECTOR = YES;
				GCC_WARN_UNINITIALIZED_AUTOS = YES_AGGRESSIVE;
				GCC_WARN_UNUSED_FUNCTION = YES;
				GCC_WARN_UNUSED_VARIABLE = YES;
				IPHONEOS_DEPLOYMENT_TARGET = 8.0;
				MTL_ENABLE_DEBUG_INFO = YES;
				ONLY_ACTIVE_ARCH = YES;
				SDKROOT = iphoneos8.1;
				SWIFT_OBJC_BRIDGING_HEADER = "";
				SWIFT_OPTIMIZATION_LEVEL = "-Onone";
				TARGETED_DEVICE_FAMILY = "1,2";
				VERSIONING_SYSTEM = "apple-generic";
				VERSION_INFO_PREFIX = "";
			};
			name = Debug;
		};
		929005E3197EA27800D49D3D /* Release */ = {
			isa = XCBuildConfiguration;
			buildSettings = {
				ALWAYS_SEARCH_USER_PATHS = NO;
				CLANG_ALLOW_NON_MODULAR_INCLUDES_IN_FRAMEWORK_MODULES = YES;
				CLANG_CXX_LANGUAGE_STANDARD = "gnu++0x";
				CLANG_CXX_LIBRARY = "libc++";
				CLANG_ENABLE_MODULES = YES;
				CLANG_ENABLE_OBJC_ARC = YES;
				CLANG_WARN_BOOL_CONVERSION = YES;
				CLANG_WARN_CONSTANT_CONVERSION = YES;
				CLANG_WARN_DIRECT_OBJC_ISA_USAGE = YES_ERROR;
				CLANG_WARN_EMPTY_BODY = YES;
				CLANG_WARN_ENUM_CONVERSION = YES;
				CLANG_WARN_INT_CONVERSION = YES;
				CLANG_WARN_OBJC_ROOT_CLASS = YES_ERROR;
				CLANG_WARN_UNREACHABLE_CODE = YES;
				CLANG_WARN__DUPLICATE_METHOD_MATCH = YES;
				"CODE_SIGN_IDENTITY[sdk=iphoneos*]" = "iPhone Developer";
				COPY_PHASE_STRIP = YES;
				CURRENT_PROJECT_VERSION = 1;
				DEFINES_MODULE = YES;
				ENABLE_NS_ASSERTIONS = NO;
				ENABLE_STRICT_OBJC_MSGSEND = YES;
				GCC_C_LANGUAGE_STANDARD = gnu99;
				GCC_WARN_64_TO_32_BIT_CONVERSION = YES;
				GCC_WARN_ABOUT_RETURN_TYPE = YES_ERROR;
				GCC_WARN_UNDECLARED_SELECTOR = YES;
				GCC_WARN_UNINITIALIZED_AUTOS = YES_AGGRESSIVE;
				GCC_WARN_UNUSED_FUNCTION = YES;
				GCC_WARN_UNUSED_VARIABLE = YES;
				IPHONEOS_DEPLOYMENT_TARGET = 8.0;
				MTL_ENABLE_DEBUG_INFO = NO;
				SDKROOT = iphoneos8.1;
				SWIFT_OBJC_BRIDGING_HEADER = "";
				SWIFT_OPTIMIZATION_LEVEL = "-Onone";
				TARGETED_DEVICE_FAMILY = "1,2";
				VALIDATE_PRODUCT = YES;
				VERSIONING_SYSTEM = "apple-generic";
				VERSION_INFO_PREFIX = "";
			};
			name = Release;
		};
		929005E5197EA27800D49D3D /* Debug */ = {
			isa = XCBuildConfiguration;
			buildSettings = {
				ARCHS = (
					arm64,
					armv7,
					armv7s,
				);
				CLANG_ENABLE_MODULES = YES;
				CODE_SIGN_IDENTITY = "iPhone Developer";
				DEFINES_MODULE = YES;
				DYLIB_COMPATIBILITY_VERSION = 1;
				DYLIB_CURRENT_VERSION = 1;
				DYLIB_INSTALL_NAME_BASE = "@rpath";
				INFOPLIST_FILE = KeychainSwiftAPI/Info.plist;
				INSTALL_PATH = "$(LOCAL_LIBRARY_DIR)/Frameworks";
				IPHONEOS_DEPLOYMENT_TARGET = 8.0;
				LD_RUNPATH_SEARCH_PATHS = "$(inherited) @executable_path/Frameworks @loader_path/Frameworks";
				PRODUCT_NAME = "$(TARGET_NAME)";
				SKIP_INSTALL = YES;
				SWIFT_OPTIMIZATION_LEVEL = "-Onone";
				TARGETED_DEVICE_FAMILY = "1,2";
			};
			name = Debug;
		};
		929005E6197EA27800D49D3D /* Release */ = {
			isa = XCBuildConfiguration;
			buildSettings = {
				ARCHS = (
					arm64,
					armv7,
					armv7s,
				);
				CLANG_ENABLE_MODULES = YES;
				CODE_SIGN_IDENTITY = "iPhone Developer";
				DEFINES_MODULE = YES;
				DYLIB_COMPATIBILITY_VERSION = 1;
				DYLIB_CURRENT_VERSION = 1;
				DYLIB_INSTALL_NAME_BASE = "@rpath";
				INFOPLIST_FILE = KeychainSwiftAPI/Info.plist;
				INSTALL_PATH = "$(LOCAL_LIBRARY_DIR)/Frameworks";
				IPHONEOS_DEPLOYMENT_TARGET = 8.0;
				LD_RUNPATH_SEARCH_PATHS = "$(inherited) @executable_path/Frameworks @loader_path/Frameworks";
				PRODUCT_NAME = "$(TARGET_NAME)";
				SKIP_INSTALL = YES;
				TARGETED_DEVICE_FAMILY = "1,2";
			};
			name = Release;
		};
		929005E8197EA27800D49D3D /* Debug */ = {
			isa = XCBuildConfiguration;
			buildSettings = {
				FRAMEWORK_SEARCH_PATHS = (
					"$(SDKROOT)/Developer/Library/Frameworks",
					"$(inherited)",
				);
				GCC_PREPROCESSOR_DEFINITIONS = (
					"DEBUG=1",
					"$(inherited)",
				);
				INFOPLIST_FILE = KeychainSwiftAPITests/Info.plist;
				LD_RUNPATH_SEARCH_PATHS = "$(inherited) @executable_path/Frameworks @loader_path/Frameworks";
				PRODUCT_NAME = "$(TARGET_NAME)";
			};
			name = Debug;
		};
		929005E9197EA27800D49D3D /* Release */ = {
			isa = XCBuildConfiguration;
			buildSettings = {
				FRAMEWORK_SEARCH_PATHS = (
					"$(SDKROOT)/Developer/Library/Frameworks",
					"$(inherited)",
				);
				INFOPLIST_FILE = KeychainSwiftAPITests/Info.plist;
				LD_RUNPATH_SEARCH_PATHS = "$(inherited) @executable_path/Frameworks @loader_path/Frameworks";
				PRODUCT_NAME = "$(TARGET_NAME)";
			};
			name = Release;
		};
/* End XCBuildConfiguration section */

/* Begin XCConfigurationList section */
		929005C8197EA27800D49D3D /* Build configuration list for PBXProject "KeychainSwiftAPI" */ = {
			isa = XCConfigurationList;
			buildConfigurations = (
				929005E2197EA27800D49D3D /* Debug */,
				929005E3197EA27800D49D3D /* Release */,
			);
			defaultConfigurationIsVisible = 0;
			defaultConfigurationName = Release;
		};
		929005E4197EA27800D49D3D /* Build configuration list for PBXNativeTarget "KeychainSwiftAPI" */ = {
			isa = XCConfigurationList;
			buildConfigurations = (
				929005E5197EA27800D49D3D /* Debug */,
				929005E6197EA27800D49D3D /* Release */,
			);
			defaultConfigurationIsVisible = 0;
			defaultConfigurationName = Release;
		};
		929005E7197EA27800D49D3D /* Build configuration list for PBXNativeTarget "KeychainSwiftAPITests" */ = {
			isa = XCConfigurationList;
			buildConfigurations = (
				929005E8197EA27800D49D3D /* Debug */,
				929005E9197EA27800D49D3D /* Release */,
			);
			defaultConfigurationIsVisible = 0;
			defaultConfigurationName = Release;
		};
/* End XCConfigurationList section */
	};
	rootObject = 929005C5197EA27800D49D3D /* Project object */;
}
